{
	"name": "ottrec-website",
	"lockfileVersion": 3,
	"requires": true,
	"packages": {
		"": {
			"name": "ottrec-website",
			"dependencies": {
				"@babel/runtime": "7.29.7",
				"@codemirror/autocomplete": "6.20.3",
				"@codemirror/commands": "6.10.3",
				"@codemirror/language": "6.12.3",
				"@codemirror/lint": "6.9.7",
				"@codemirror/state": "6.6.0",
				"@codemirror/view": "6.43.0",
				"@lezer/highlight": "1.2.3",
				"@uiw/codemirror-theme-tokyo-night": "4.25.10",
				"@uiw/codemirror-theme-tokyo-night-day": "4.25.10",
				"leaflet": "1.9.4"
			},
			"devDependencies": {
				"@types/leaflet": "^1.9.21",
				"typescript": "^6.0.3"
			}
		},
		"node_modules/@babel/runtime": {
			"version": "7.29.7",
			"resolved": "https://registry.npmjs.org/@babel/runtime/-/runtime-7.29.7.tgz",
			"integrity": "sha512-Nq8OhGWiZIZGV6hLHoyAKLLcJihP/xFeBMGJoUrxTX2psI8dCifzLhZISFb+VWS3wFMRDmCGw5R+dOySCqPLhw==",
			"license": "MIT",
			"engines": {
				"node": ">=6.9.0"
			}
		},
		"node_modules/@codemirror/autocomplete": {
			"version": "6.20.3",
			"resolved": "https://registry.npmjs.org/@codemirror/autocomplete/-/autocomplete-6.20.3.tgz",
			"integrity": "sha512-tlosUqb+3BbxCxZdu4tKeRghPFC+QM7q4X5YhKV2eCmPG+1r2F3f4AaSz5sCrFqUtX4Jh20VFTKecl16MgiV9g==",
			"license": "MIT",
			"dependencies": {
				"@codemirror/language": "^6.0.0",
				"@codemirror/state": "^6.0.0",
				"@codemirror/view": "^6.17.0",
				"@lezer/common": "^1.0.0"
			}
		},
		"node_modules/@codemirror/commands": {
			"version": "6.10.3",
			"resolved": "https://registry.npmjs.org/@codemirror/commands/-/commands-6.10.3.tgz",
			"integrity": "sha512-JFRiqhKu+bvSkDLI+rUhJwSxQxYb759W5GBezE8Uc8mHLqC9aV/9aTC7yJSqCtB3F00pylrLCwnyS91Ap5ej4Q==",
			"license": "MIT",
			"dependencies": {
				"@codemirror/language": "^6.0.0",
				"@codemirror/state": "^6.6.0",
				"@codemirror/view": "^6.27.0",
				"@lezer/common": "^1.1.0"
			}
		},
		"node_modules/@codemirror/language": {
			"version": "6.12.3",
			"resolved": "https://registry.npmjs.org/@codemirror/language/-/language-6.12.3.tgz",
			"integrity": "sha512-QwCZW6Tt1siP37Jet9Tb02Zs81TQt6qQrZR2H+eGMcFsL1zMrk2/b9CLC7/9ieP1fjIUMgviLWMmgiHoJrj+ZA==",
			"license": "MIT",
			"dependencies": {
				"@codemirror/state": "^6.0.0",
				"@codemirror/view": "^6.23.0",
				"@lezer/common": "^1.5.0",
				"@lezer/highlight": "^1.0.0",
				"@lezer/lr": "^1.0.0",
				"style-mod": "^4.0.0"
			}
		},
		"node_modules/@codemirror/lint": {
			"version": "6.9.7",
			"resolved": "https://registry.npmjs.org/@codemirror/lint/-/lint-6.9.7.tgz",
			"integrity": "sha512-28/+iWLYxKxsvGYhSYL7zaCZqLz5+FFFDq9tVsvGv9kv8RY4fFAchJ5WX9M3YrrRlTIsECjsXPqeNgnSmNP2dg==",
			"license": "MIT",
			"dependencies": {
				"@codemirror/state": "^6.0.0",
				"@codemirror/view": "^6.42.0",
				"crelt": "^1.0.5"
			}
		},
		"node_modules/@codemirror/state": {
			"version": "6.6.0",
			"resolved": "https://registry.npmjs.org/@codemirror/state/-/state-6.6.0.tgz",
			"integrity": "sha512-4nbvra5R5EtiCzr9BTHiTLc+MLXK2QGiAVYMyi8PkQd3SR+6ixar/Q/01Fa21TBIDOZXgeWV4WppsQolSreAPQ==",
			"license": "MIT",
			"dependencies": {
				"@marijn/find-cluster-break": "^1.0.0"
			}
		},
		"node_modules/@codemirror/view": {
			"version": "6.43.0",
			"resolved": "https://registry.npmjs.org/@codemirror/view/-/view-6.43.0.tgz",
			"integrity": "sha512-V7ZCLQO3Jus9hzh2jVCCPW3mO4IBMr43O37PqSUYautJSnnJF41YlgLw21x0fLJTYvJ+Vkm6Gp+qKGH9pltgXA==",
			"license": "MIT",
			"dependencies": {
				"@codemirror/state": "^6.6.0",
				"crelt": "^1.0.6",
				"style-mod": "^4.1.0",
				"w3c-keyname": "^2.2.4"
			}
		},
		"node_modules/@lezer/common": {
			"version": "1.5.2",
			"resolved": "https://registry.npmjs.org/@lezer/common/-/common-1.5.2.tgz",
			"integrity": "sha512-sxQE460fPZyU3sdc8lafxiPwJHBzZRy/udNFynGQky1SePYBdhkBl1kOagA9uT3pxR8K09bOrmTUqA9wb/PjSQ==",
			"license": "MIT"
		},
		"node_modules/@lezer/highlight": {
			"version": "1.2.3",
			"resolved": "https://registry.npmjs.org/@lezer/highlight/-/highlight-1.2.3.tgz",
			"integrity": "sha512-qXdH7UqTvGfdVBINrgKhDsVTJTxactNNxLk7+UMwZhU13lMHaOBlJe9Vqp907ya56Y3+ed2tlqzys7jDkTmW0g==",
			"license": "MIT",
			"dependencies": {
				"@lezer/common": "^1.3.0"
			}
		},
		"node_modules/@lezer/lr": {
			"version": "1.4.10",
			"resolved": "https://registry.npmjs.org/@lezer/lr/-/lr-1.4.10.tgz",
			"integrity": "sha512-rnCpTIBafOx4mRp43xOxDJbFipJm/c0cia/V5TiGlhmMa+wsSdoGmUN3w5Bqrks/09Q/D4tNAmWaT8p6NRi77A==",
			"license": "MIT",
			"dependencies": {
				"@lezer/common": "^1.0.0"
			}
		},
		"node_modules/@marijn/find-cluster-break": {
			"version": "1.0.2",
			"resolved": "https://registry.npmjs.org/@marijn/find-cluster-break/-/find-cluster-break-1.0.2.tgz",
			"integrity": "sha512-l0h88YhZFyKdXIFNfSWpyjStDjGHwZ/U7iobcK1cQQD8sejsONdQtTVU+1wVN1PBw40PiiHB1vA5S7VTfQiP9g==",
			"license": "MIT"
		},
		"node_modules/@types/geojson": {
			"version": "7946.0.16",
			"resolved": "https://registry.npmjs.org/@types/geojson/-/geojson-7946.0.16.tgz",
			"integrity": "sha512-6C8nqWur3j98U6+lXDfTUWIfgvZU+EumvpHKcYjujKH7woYyLj2sUmff0tRhrqM7BohUw7Pz3ZB1jj2gW9Fvmg==",
			"dev": true,
			"license": "MIT"
		},
		"node_modules/@types/leaflet": {
			"version": "1.9.21",
			"resolved": "https://registry.npmjs.org/@types/leaflet/-/leaflet-1.9.21.tgz",
			"integrity": "sha512-TbAd9DaPGSnzp6QvtYngntMZgcRk+igFELwR2N99XZn7RXUdKgsXMR+28bUO0rPsWp8MIu/f47luLIQuSLYv/w==",
			"dev": true,
			"license": "MIT",
			"dependencies": {
				"@types/geojson": "*"
			}
		},
		"node_modules/@uiw/codemirror-theme-tokyo-night": {
			"version": "4.25.10",
			"resolved": "https://registry.npmjs.org/@uiw/codemirror-theme-tokyo-night/-/codemirror-theme-tokyo-night-4.25.10.tgz",
			"integrity": "sha512-nbW1szmpdlGdm9Nf03j0IU+Ecd2h/qp3vkPiHMcfEHOl3KEPPqek5UhTfpemQgdSTmohGQcY1NfUlysXsQ5y7A==",
			"license": "MIT",
			"dependencies": {
				"@uiw/codemirror-themes": "4.25.10"
			},
			"funding": {
				"url": "https://jaywcjlove.github.io/#/sponsor"
			}
		},
		"node_modules/@uiw/codemirror-theme-tokyo-night-day": {
			"version": "4.25.10",
			"resolved": "https://registry.npmjs.org/@uiw/codemirror-theme-tokyo-night-day/-/codemirror-theme-tokyo-night-day-4.25.10.tgz",
			"integrity": "sha512-n7SJGwAY5KCtikj8xru5OrT3maEtrYnjMI2LGTWjCO+yA5TTMFOTsVLtT7HMesGQ2db61iMHKEgn7Kkhqs6/8g==",
			"license": "MIT",
			"dependencies": {
				"@uiw/codemirror-themes": "4.25.10"
			},
			"funding": {
				"url": "https://jaywcjlove.github.io/#/sponsor"
			}
		},
		"node_modules/@uiw/codemirror-themes": {
			"version": "4.25.10",
			"resolved": "https://registry.npmjs.org/@uiw/codemirror-themes/-/codemirror-themes-4.25.10.tgz",
			"integrity": "sha512-Fqiz1HIuDlDftcL+/O53V333UOH6MqQ84VbiQB5egn6u+uDwAqACp1FrdAoi4wgpR3b3TGW4Gr0wIYcrJSSz1A==",
			"license": "MIT",
			"dependencies": {
				"@codemirror/language": "^6.0.0",
				"@codemirror/state": "^6.0.0",
				"@codemirror/view": "^6.0.0"
			},
			"funding": {
				"url": "https://jaywcjlove.github.io/#/sponsor"
			},
			"peerDependencies": {
				"@codemirror/language": ">=6.0.0",
				"@codemirror/state": ">=6.0.0",
				"@codemirror/view": ">=6.0.0"
			}
		},
		"node_modules/crelt": {
			"version": "1.0.6",
			"resolved": "https://registry.npmjs.org/crelt/-/crelt-1.0.6.tgz",
			"integrity": "sha512-VQ2MBenTq1fWZUH9DJNGti7kKv6EeAuYr3cLwxUWhIu1baTaXh4Ib5W2CqHVqib4/MqbYGJqiL3Zb8GJZr3l4g==",
			"license": "MIT"
		},
		"node_modules/leaflet": {
			"version": "1.9.4",
			"resolved": "https://registry.npmjs.org/leaflet/-/leaflet-1.9.4.tgz",
			"integrity": "sha512-nxS1ynzJOmOlHp+iL3FyWqK89GtNL8U8rvlMOsQdTTssxZwCXh8N2NB3GDQOL+YR3XnWyZAxwQixURb+FA74PA==",
			"license": "BSD-2-Clause"
		},
		"node_modules/style-mod": {
			"version": "4.1.3",
			"resolved": "https://registry.npmjs.org/style-mod/-/style-mod-4.1.3.tgz",
			"integrity": "sha512-i/n8VsZydrugj3Iuzll8+x/00GH2vnYsk1eomD8QiRrSAeW6ItbCQDtfXCeJHd0iwiNagqjQkvpvREEPtW3IoQ==",
			"license": "MIT"
		},
		"node_modules/typescript": {
			"version": "6.0.3",
			"resolved": "https://registry.npmjs.org/typescript/-/typescript-6.0.3.tgz",
			"integrity": "sha512-y2TvuxSZPDyQakkFRPZHKFm+KKVqIisdg9/CZwm9ftvKXLP8NRWj38/ODjNbr43SsoXqNuAisEf1GdCxqWcdBw==",
			"dev": true,
			"license": "Apache-2.0",
			"bin": {
				"tsc": "bin/tsc",
				"tsserver": "bin/tsserver"
			},
			"engines": {
				"node": ">=14.17"
			}
		},
		"node_modules/w3c-keyname": {
			"version": "2.2.8",
			"resolved": "https://registry.npmjs.org/w3c-keyname/-/w3c-keyname-2.2.8.tgz",
			"integrity": "sha512-dpojBhNsCNN7T82Tm7k26A6G9ML3NkhDsnw9n/eoxSRlVBB4CEtIQ/KTCLI2Fwf3ataSXRhYFkQi3SlnFwPvPQ==",
			"license": "MIT"
		}
	}
}
